
Microsoft Visual Studio Solution File, Format Version 12.00
# Visual Studio Version 17
VisualStudioVersion = 17.10.35013.160
MinimumVisualStudioVersion = 10.0.40219.1
Project("{9A19103F-16F7-4668-BE54-9A1E7A4F7556}") = "BobbingDisabler", "BobbingDisabler.csproj", "{CA942503-94A1-48E7-8423-1B9E04713474}"
EndProject
Global
	GlobalSection(SolutionConfigurationPlatforms) = preSolution
		Debug|Any CPU = Debug|Any CPU
		Release|Any CPU = Release|Any CPU
	EndGlobalSection
	GlobalSection(ProjectConfigurationPlatforms) = postSolution
		{CA942503-94A1-48E7-8423-1B9E04713474}.Debug|Any CPU.ActiveCfg = Debug|Any CPU
		{CA942503-94A1-48E7-8423-1B9E04713474}.Debug|Any CPU.Build.0 = Debug|Any CPU
		{CA942503-94A1-48E7-8423-1B9E04713474}.Release|Any CPU.ActiveCfg = Release|Any CPU
		{CA942503-94A1-48E7-8423-1B9E04713474}.Release|Any CPU.Build.0 = Release|Any CPU
	EndGlobalSection
	GlobalSection(SolutionProperties) = preSolution
		HideSolutionNode = FALSE
	EndGlobalSection
	GlobalSection(ExtensibilityGlobals) = postSolution
		SolutionGuid = {C083F563-9D55-44B8-9440-CAD03DAB5D58}
	EndGlobalSection
EndGlobal
